
Microsoft Visual Studio Solution File, Format Version 12.00
# Visual Studio 14
VisualStudioVersion = 14.0.24720.0
MinimumVisualStudioVersion = 10.0.40219.1
Project("{2150E333-8FDC-42A3-9474-1A3956D46DE8}") = "Solution Items", "Solution Items", "{251FB1B8-07B3-4F5E-82FE-9D855609DC87}"
EndProject
Project("{2150E333-8FDC-42A3-9474-1A3956D46DE8}") = "Source", "Source", "{84A0A888-EBE2-46BD-8BBB-FD7C0C29F228}"
EndProject
Project("{2150E333-8FDC-42A3-9474-1A3956D46DE8}") = "0 - Presentation", "0 - Presentation", "{8CFF7674-3A79-4002-B47E-52E97043E339}"
EndProject
Project("{2150E333-8FDC-42A3-9474-1A3956D46DE8}") = "1 - Services", "1 - Services", "{AA610253-AACC-4DFB-BBBC-C121AA44BBD7}"
EndProject
Project("{2150E333-8FDC-42A3-9474-1A3956D46DE8}") = "2 - Domain", "2 - Domain", "{A7488975-F9FF-4295-9833-9D673B7FEBD8}"
EndProject
Project("{2150E333-8FDC-42A3-9474-1A3956D46DE8}") = "3 - Infrastructure", "3 - Infrastructure", "{4D03A3E7-C3B5-4862-9E4B-34765E3B3F77}"
EndProject
Project("{2150E333-8FDC-42A3-9474-1A3956D46DE8}") = "4 - Crosscut", "4 - Crosscut", "{2C24DABB-8015-48A8-8553-359F605C0E77}"
EndProject
Project("{2150E333-8FDC-42A3-9474-1A3956D46DE8}") = "5 - Tests", "5 - Tests", "{F37BFBC9-7A19-4996-B6BD-49D822437124}"
EndProject
Project("{FAE04EC0-301F-11D3-BF4B-00C04F79EFBC}") = "ERP.Domain", "ERP.Domain\ERP.Domain.csproj", "{C7FF2EFE-1DDB-4424-8906-41D8E379302E}"
EndProject
Project("{FAE04EC0-301F-11D3-BF4B-00C04F79EFBC}") = "ERP.Infrastructure.Data", "ERP.Infrastructure.Data\ERP.Infrastructure.Data.csproj", "{3D3F44E4-F591-4EE2-8DC8-165D9EE3183B}"
EndProject
Project("{FAE04EC0-301F-11D3-BF4B-00C04F79EFBC}") = "ERP.Presentation.Shopping.Api", "ERP.Presentation.Shopping.Api\ERP.Presentation.Shopping.Api.csproj", "{8330944A-F8BA-46B7-A895-EC903030CE95}"
EndProject
Project("{FAE04EC0-301F-11D3-BF4B-00C04F79EFBC}") = "ERP.Services.ShoppingAppService", "ERP.Services.ShoppingAppService\ERP.Services.ShoppingAppService.csproj", "{8DD10C94-FCF1-4938-8E02-556CFBE198A7}"
EndProject
Project("{2150E333-8FDC-42A3-9474-1A3956D46DE8}") = "6 - Authorization Server", "6 - Authorization Server", "{553945C0-2B0B-429B-AABA-08F7C9463CB9}"
EndProject
Project("{FAE04EC0-301F-11D3-BF4B-00C04F79EFBC}") = "ERP.Crosscut", "ERP.Crosscut\ERP.Crosscut.csproj", "{D7E66871-050B-4564-8127-FC0962BC4D0C}"
EndProject
Global
	GlobalSection(SolutionConfigurationPlatforms) = preSolution
		Debug|Any CPU = Debug|Any CPU
		Release|Any CPU = Release|Any CPU
	EndGlobalSection
	GlobalSection(ProjectConfigurationPlatforms) = postSolution
		{C7FF2EFE-1DDB-4424-8906-41D8E379302E}.Debug|Any CPU.ActiveCfg = Debug|Any CPU
		{C7FF2EFE-1DDB-4424-8906-41D8E379302E}.Debug|Any CPU.Build.0 = Debug|Any CPU
		{C7FF2EFE-1DDB-4424-8906-41D8E379302E}.Release|Any CPU.ActiveCfg = Release|Any CPU
		{C7FF2EFE-1DDB-4424-8906-41D8E379302E}.Release|Any CPU.Build.0 = Release|Any CPU
		{3D3F44E4-F591-4EE2-8DC8-165D9EE3183B}.Debug|Any CPU.ActiveCfg = Debug|Any CPU
		{3D3F44E4-F591-4EE2-8DC8-165D9EE3183B}.Debug|Any CPU.Build.0 = Debug|Any CPU
		{3D3F44E4-F591-4EE2-8DC8-165D9EE3183B}.Release|Any CPU.ActiveCfg = Release|Any CPU
		{3D3F44E4-F591-4EE2-8DC8-165D9EE3183B}.Release|Any CPU.Build.0 = Release|Any CPU
		{8330944A-F8BA-46B7-A895-EC903030CE95}.Debug|Any CPU.ActiveCfg = Debug|Any CPU
		{8330944A-F8BA-46B7-A895-EC903030CE95}.Debug|Any CPU.Build.0 = Debug|Any CPU
		{8330944A-F8BA-46B7-A895-EC903030CE95}.Release|Any CPU.ActiveCfg = Release|Any CPU
		{8330944A-F8BA-46B7-A895-EC903030CE95}.Release|Any CPU.Build.0 = Release|Any CPU
		{8DD10C94-FCF1-4938-8E02-556CFBE198A7}.Debug|Any CPU.ActiveCfg = Debug|Any CPU
		{8DD10C94-FCF1-4938-8E02-556CFBE198A7}.Debug|Any CPU.Build.0 = Debug|Any CPU
		{8DD10C94-FCF1-4938-8E02-556CFBE198A7}.Release|Any CPU.ActiveCfg = Release|Any CPU
		{8DD10C94-FCF1-4938-8E02-556CFBE198A7}.Release|Any CPU.Build.0 = Release|Any CPU
		{D7E66871-050B-4564-8127-FC0962BC4D0C}.Debug|Any CPU.ActiveCfg = Debug|Any CPU
		{D7E66871-050B-4564-8127-FC0962BC4D0C}.Debug|Any CPU.Build.0 = Debug|Any CPU
		{D7E66871-050B-4564-8127-FC0962BC4D0C}.Release|Any CPU.ActiveCfg = Release|Any CPU
		{D7E66871-050B-4564-8127-FC0962BC4D0C}.Release|Any CPU.Build.0 = Release|Any CPU
	EndGlobalSection
	GlobalSection(SolutionProperties) = preSolution
		HideSolutionNode = FALSE
	EndGlobalSection
	GlobalSection(NestedProjects) = preSolution
		{8CFF7674-3A79-4002-B47E-52E97043E339} = {84A0A888-EBE2-46BD-8BBB-FD7C0C29F228}
		{AA610253-AACC-4DFB-BBBC-C121AA44BBD7} = {84A0A888-EBE2-46BD-8BBB-FD7C0C29F228}
		{A7488975-F9FF-4295-9833-9D673B7FEBD8} = {84A0A888-EBE2-46BD-8BBB-FD7C0C29F228}
		{4D03A3E7-C3B5-4862-9E4B-34765E3B3F77} = {84A0A888-EBE2-46BD-8BBB-FD7C0C29F228}
		{2C24DABB-8015-48A8-8553-359F605C0E77} = {84A0A888-EBE2-46BD-8BBB-FD7C0C29F228}
		{F37BFBC9-7A19-4996-B6BD-49D822437124} = {84A0A888-EBE2-46BD-8BBB-FD7C0C29F228}
		{C7FF2EFE-1DDB-4424-8906-41D8E379302E} = {A7488975-F9FF-4295-9833-9D673B7FEBD8}
		{3D3F44E4-F591-4EE2-8DC8-165D9EE3183B} = {4D03A3E7-C3B5-4862-9E4B-34765E3B3F77}
		{8330944A-F8BA-46B7-A895-EC903030CE95} = {8CFF7674-3A79-4002-B47E-52E97043E339}
		{8DD10C94-FCF1-4938-8E02-556CFBE198A7} = {AA610253-AACC-4DFB-BBBC-C121AA44BBD7}
		{553945C0-2B0B-429B-AABA-08F7C9463CB9} = {84A0A888-EBE2-46BD-8BBB-FD7C0C29F228}
		{D7E66871-050B-4564-8127-FC0962BC4D0C} = {2C24DABB-8015-48A8-8553-359F605C0E77}
	EndGlobalSection
EndGlobal
