
Microsoft Visual Studio Solution File, Format Version 12.00
# Visual Studio 14
VisualStudioVersion = 14.0.24720.0
MinimumVisualStudioVersion = 10.0.40219.1
Project("{2150E333-8FDC-42A3-9474-1A3956D46DE8}") = "Source", "Source", "{84A0A888-EBE2-46BD-8BBB-FD7C0C29F228}"
EndProject
Project("{2150E333-8FDC-42A3-9474-1A3956D46DE8}") = "0 - Presentation", "0 - Presentation", "{8CFF7674-3A79-4002-B47E-52E97043E339}"
EndProject
Project("{2150E333-8FDC-42A3-9474-1A3956D46DE8}") = "1 - Services", "1 - Services", "{AA610253-AACC-4DFB-BBBC-C121AA44BBD7}"
EndProject
Project("{2150E333-8FDC-42A3-9474-1A3956D46DE8}") = "2 - Domain", "2 - Domain", "{A7488975-F9FF-4295-9833-9D673B7FEBD8}"
EndProject
Project("{2150E333-8FDC-42A3-9474-1A3956D46DE8}") = "3 - Infrastructure", "3 - Infrastructure", "{4D03A3E7-C3B5-4862-9E4B-34765E3B3F77}"
EndProject
Project("{2150E333-8FDC-42A3-9474-1A3956D46DE8}") = "4 - Crosscut", "4 - Crosscut", "{2C24DABB-8015-48A8-8553-359F605C0E77}"
EndProject
Project("{2150E333-8FDC-42A3-9474-1A3956D46DE8}") = "5 - Tests", "5 - Tests", "{F37BFBC9-7A19-4996-B6BD-49D822437124}"
EndProject
Project("{FAE04EC0-301F-11D3-BF4B-00C04F79EFBC}") = "ERP.Domain", "ERP.Domain\ERP.Domain.csproj", "{C7FF2EFE-1DDB-4424-8906-41D8E379302E}"
EndProject
Project("{FAE04EC0-301F-11D3-BF4B-00C04F79EFBC}") = "ERP.Infrastructure.Data", "ERP.Infrastructure.Data\ERP.Infrastructure.Data.csproj", "{3D3F44E4-F591-4EE2-8DC8-165D9EE3183B}"
EndProject
Project("{2150E333-8FDC-42A3-9474-1A3956D46DE8}") = "6 - Authorization Server", "6 - Authorization Server", "{553945C0-2B0B-429B-AABA-08F7C9463CB9}"
EndProject
Project("{FAE04EC0-301F-11D3-BF4B-00C04F79EFBC}") = "ERP.Crosscut", "ERP.Crosscut\ERP.Crosscut.csproj", "{D7E66871-050B-4564-8127-FC0962BC4D0C}"
EndProject
Project("{2150E333-8FDC-42A3-9474-1A3956D46DE8}") = "5.1 - Presentation", "5.1 - Presentation", "{EFE69655-82F3-4CA3-B274-2C520C917B8E}"
EndProject
Project("{2150E333-8FDC-42A3-9474-1A3956D46DE8}") = "5.3 - Domain", "5.3 - Domain", "{04F2B5E2-2E86-4429-932B-8DA30D4F663C}"
EndProject
Project("{2150E333-8FDC-42A3-9474-1A3956D46DE8}") = "5.4 - Infrastructure", "5.4 - Infrastructure", "{8FD04E4D-A368-4CB4-8ACE-F7B19A743A01}"
EndProject
Project("{2150E333-8FDC-42A3-9474-1A3956D46DE8}") = "5.5 - Crosscut", "5.5 - Crosscut", "{7ED78FAD-5D5E-4F3C-BAE8-D85DA4C27A6B}"
EndProject
Project("{FAE04EC0-301F-11D3-BF4B-00C04F79EFBC}") = "ERP.PresentationTests", "ERP.PresentationTests\ERP.PresentationTests.csproj", "{DB2A948A-10BC-4C67-821D-33CF979EC65E}"
EndProject
Project("{FAE04EC0-301F-11D3-BF4B-00C04F79EFBC}") = "ERP.DomainTests", "ERP.DomainTests\ERP.DomainTests.csproj", "{2A1216A7-04CF-4F14-90F1-76C03F1AA409}"
EndProject
Project("{FAE04EC0-301F-11D3-BF4B-00C04F79EFBC}") = "ERP.InfrastructureTests", "ERP.InfrastructureTests\ERP.InfrastructureTests.csproj", "{C218A8AA-C132-4B6D-9DFE-506BFC279131}"
EndProject
Project("{FAE04EC0-301F-11D3-BF4B-00C04F79EFBC}") = "ERP.Crosscut.Tests", "ERP.Crosscut.Tests\ERP.Crosscut.Tests.csproj", "{2F3E1C54-578F-4A71-A173-7060172FACAA}"
EndProject
Project("{FAE04EC0-301F-11D3-BF4B-00C04F79EFBC}") = "ERP.Services.PurchaseServices", "ERP.Services.PurchaseServices\ERP.Services.PurchaseServices.csproj", "{17D401F9-934F-4795-A935-FA49A31DC2E5}"
EndProject
Project("{FAE04EC0-301F-11D3-BF4B-00C04F79EFBC}") = "ERP.Presentation.Purchase.Api", "ERP.Presentation.Purchase.Api\ERP.Presentation.Purchase.Api.csproj", "{CFBDABC7-EBF8-41A3-97D7-7BE34CF2FC7C}"
EndProject
Project("{2150E333-8FDC-42A3-9474-1A3956D46DE8}") = "5.2 - Services", "5.2 - Services", "{0633844F-5FDE-4212-B113-D7C8322810A0}"
EndProject
Project("{FAE04EC0-301F-11D3-BF4B-00C04F79EFBC}") = "ERP.Services.Purchase.Tests", "ERP.Services.Purchase.Tests\ERP.Services.Purchase.Tests.csproj", "{6A876535-8D26-4D88-946E-14723E8B3F80}"
EndProject
Global
	GlobalSection(SolutionConfigurationPlatforms) = preSolution
		Debug|Any CPU = Debug|Any CPU
		Release|Any CPU = Release|Any CPU
	EndGlobalSection
	GlobalSection(ProjectConfigurationPlatforms) = postSolution
		{C7FF2EFE-1DDB-4424-8906-41D8E379302E}.Debug|Any CPU.ActiveCfg = Debug|Any CPU
		{C7FF2EFE-1DDB-4424-8906-41D8E379302E}.Debug|Any CPU.Build.0 = Debug|Any CPU
		{C7FF2EFE-1DDB-4424-8906-41D8E379302E}.Release|Any CPU.ActiveCfg = Release|Any CPU
		{C7FF2EFE-1DDB-4424-8906-41D8E379302E}.Release|Any CPU.Build.0 = Release|Any CPU
		{3D3F44E4-F591-4EE2-8DC8-165D9EE3183B}.Debug|Any CPU.ActiveCfg = Debug|Any CPU
		{3D3F44E4-F591-4EE2-8DC8-165D9EE3183B}.Debug|Any CPU.Build.0 = Debug|Any CPU
		{3D3F44E4-F591-4EE2-8DC8-165D9EE3183B}.Release|Any CPU.ActiveCfg = Release|Any CPU
		{3D3F44E4-F591-4EE2-8DC8-165D9EE3183B}.Release|Any CPU.Build.0 = Release|Any CPU
		{D7E66871-050B-4564-8127-FC0962BC4D0C}.Debug|Any CPU.ActiveCfg = Debug|Any CPU
		{D7E66871-050B-4564-8127-FC0962BC4D0C}.Debug|Any CPU.Build.0 = Debug|Any CPU
		{D7E66871-050B-4564-8127-FC0962BC4D0C}.Release|Any CPU.ActiveCfg = Release|Any CPU
		{D7E66871-050B-4564-8127-FC0962BC4D0C}.Release|Any CPU.Build.0 = Release|Any CPU
		{DB2A948A-10BC-4C67-821D-33CF979EC65E}.Debug|Any CPU.ActiveCfg = Debug|Any CPU
		{DB2A948A-10BC-4C67-821D-33CF979EC65E}.Debug|Any CPU.Build.0 = Debug|Any CPU
		{DB2A948A-10BC-4C67-821D-33CF979EC65E}.Release|Any CPU.ActiveCfg = Release|Any CPU
		{DB2A948A-10BC-4C67-821D-33CF979EC65E}.Release|Any CPU.Build.0 = Release|Any CPU
		{2A1216A7-04CF-4F14-90F1-76C03F1AA409}.Debug|Any CPU.ActiveCfg = Debug|Any CPU
		{2A1216A7-04CF-4F14-90F1-76C03F1AA409}.Debug|Any CPU.Build.0 = Debug|Any CPU
		{2A1216A7-04CF-4F14-90F1-76C03F1AA409}.Release|Any CPU.ActiveCfg = Release|Any CPU
		{2A1216A7-04CF-4F14-90F1-76C03F1AA409}.Release|Any CPU.Build.0 = Release|Any CPU
		{C218A8AA-C132-4B6D-9DFE-506BFC279131}.Debug|Any CPU.ActiveCfg = Debug|Any CPU
		{C218A8AA-C132-4B6D-9DFE-506BFC279131}.Debug|Any CPU.Build.0 = Debug|Any CPU
		{C218A8AA-C132-4B6D-9DFE-506BFC279131}.Release|Any CPU.ActiveCfg = Release|Any CPU
		{C218A8AA-C132-4B6D-9DFE-506BFC279131}.Release|Any CPU.Build.0 = Release|Any CPU
		{2F3E1C54-578F-4A71-A173-7060172FACAA}.Debug|Any CPU.ActiveCfg = Debug|Any CPU
		{2F3E1C54-578F-4A71-A173-7060172FACAA}.Debug|Any CPU.Build.0 = Debug|Any CPU
		{2F3E1C54-578F-4A71-A173-7060172FACAA}.Release|Any CPU.ActiveCfg = Release|Any CPU
		{2F3E1C54-578F-4A71-A173-7060172FACAA}.Release|Any CPU.Build.0 = Release|Any CPU
		{17D401F9-934F-4795-A935-FA49A31DC2E5}.Debug|Any CPU.ActiveCfg = Debug|Any CPU
		{17D401F9-934F-4795-A935-FA49A31DC2E5}.Debug|Any CPU.Build.0 = Debug|Any CPU
		{17D401F9-934F-4795-A935-FA49A31DC2E5}.Release|Any CPU.ActiveCfg = Release|Any CPU
		{17D401F9-934F-4795-A935-FA49A31DC2E5}.Release|Any CPU.Build.0 = Release|Any CPU
		{CFBDABC7-EBF8-41A3-97D7-7BE34CF2FC7C}.Debug|Any CPU.ActiveCfg = Debug|Any CPU
		{CFBDABC7-EBF8-41A3-97D7-7BE34CF2FC7C}.Debug|Any CPU.Build.0 = Debug|Any CPU
		{CFBDABC7-EBF8-41A3-97D7-7BE34CF2FC7C}.Release|Any CPU.ActiveCfg = Release|Any CPU
		{CFBDABC7-EBF8-41A3-97D7-7BE34CF2FC7C}.Release|Any CPU.Build.0 = Release|Any CPU
		{6A876535-8D26-4D88-946E-14723E8B3F80}.Debug|Any CPU.ActiveCfg = Debug|Any CPU
		{6A876535-8D26-4D88-946E-14723E8B3F80}.Debug|Any CPU.Build.0 = Debug|Any CPU
		{6A876535-8D26-4D88-946E-14723E8B3F80}.Release|Any CPU.ActiveCfg = Release|Any CPU
		{6A876535-8D26-4D88-946E-14723E8B3F80}.Release|Any CPU.Build.0 = Release|Any CPU
	EndGlobalSection
	GlobalSection(SolutionProperties) = preSolution
		HideSolutionNode = FALSE
	EndGlobalSection
	GlobalSection(NestedProjects) = preSolution
		{8CFF7674-3A79-4002-B47E-52E97043E339} = {84A0A888-EBE2-46BD-8BBB-FD7C0C29F228}
		{AA610253-AACC-4DFB-BBBC-C121AA44BBD7} = {84A0A888-EBE2-46BD-8BBB-FD7C0C29F228}
		{A7488975-F9FF-4295-9833-9D673B7FEBD8} = {84A0A888-EBE2-46BD-8BBB-FD7C0C29F228}
		{4D03A3E7-C3B5-4862-9E4B-34765E3B3F77} = {84A0A888-EBE2-46BD-8BBB-FD7C0C29F228}
		{2C24DABB-8015-48A8-8553-359F605C0E77} = {84A0A888-EBE2-46BD-8BBB-FD7C0C29F228}
		{F37BFBC9-7A19-4996-B6BD-49D822437124} = {84A0A888-EBE2-46BD-8BBB-FD7C0C29F228}
		{C7FF2EFE-1DDB-4424-8906-41D8E379302E} = {A7488975-F9FF-4295-9833-9D673B7FEBD8}
		{3D3F44E4-F591-4EE2-8DC8-165D9EE3183B} = {4D03A3E7-C3B5-4862-9E4B-34765E3B3F77}
		{553945C0-2B0B-429B-AABA-08F7C9463CB9} = {84A0A888-EBE2-46BD-8BBB-FD7C0C29F228}
		{D7E66871-050B-4564-8127-FC0962BC4D0C} = {2C24DABB-8015-48A8-8553-359F605C0E77}
		{EFE69655-82F3-4CA3-B274-2C520C917B8E} = {F37BFBC9-7A19-4996-B6BD-49D822437124}
		{04F2B5E2-2E86-4429-932B-8DA30D4F663C} = {F37BFBC9-7A19-4996-B6BD-49D822437124}
		{8FD04E4D-A368-4CB4-8ACE-F7B19A743A01} = {F37BFBC9-7A19-4996-B6BD-49D822437124}
		{7ED78FAD-5D5E-4F3C-BAE8-D85DA4C27A6B} = {F37BFBC9-7A19-4996-B6BD-49D822437124}
		{DB2A948A-10BC-4C67-821D-33CF979EC65E} = {EFE69655-82F3-4CA3-B274-2C520C917B8E}
		{2A1216A7-04CF-4F14-90F1-76C03F1AA409} = {04F2B5E2-2E86-4429-932B-8DA30D4F663C}
		{C218A8AA-C132-4B6D-9DFE-506BFC279131} = {8FD04E4D-A368-4CB4-8ACE-F7B19A743A01}
		{2F3E1C54-578F-4A71-A173-7060172FACAA} = {7ED78FAD-5D5E-4F3C-BAE8-D85DA4C27A6B}
		{17D401F9-934F-4795-A935-FA49A31DC2E5} = {AA610253-AACC-4DFB-BBBC-C121AA44BBD7}
		{CFBDABC7-EBF8-41A3-97D7-7BE34CF2FC7C} = {8CFF7674-3A79-4002-B47E-52E97043E339}
		{0633844F-5FDE-4212-B113-D7C8322810A0} = {F37BFBC9-7A19-4996-B6BD-49D822437124}
		{6A876535-8D26-4D88-946E-14723E8B3F80} = {0633844F-5FDE-4212-B113-D7C8322810A0}
	EndGlobalSection
EndGlobal
